// !$*UTF8*$!
{
	archiveVersion = 1;
	classes = {
	};
	objectVersion = 77;
	objects = {

/* Begin PBXBuildFile section */
		CA6C3EB22FD8350D0090FE69 /* OpenAI in Frameworks */ = {isa = PBXBuildFile; productRef = CA6C3EB12FD8350D0090FE69 /* OpenAI */; };
		CA6C51712FDA48F20090FE69 /* FuzzySearch in Frameworks */ = {isa = PBXBuildFile; productRef = CA6C51702FDA48F20090FE69 /* FuzzySearch */; };
		CAA2A1BB2FCAD6E2006DAECF /* FiveKit in Frameworks */ = {isa = PBXBuildFile; productRef = CAA2A1BA2FCAD6E2006DAECF /* FiveKit */; };
		CAC848582FDAD03200F77B40 /* Citadel in Frameworks */ = {isa = PBXBuildFile; productRef = CAC848572FDAD03200F77B40 /* Citadel */; };
/* End PBXBuildFile section */

/* Begin PBXContainerItemProxy section */
		CAD713472FCAD5500072280F /* PBXContainerItemProxy */ = {
			isa = PBXContainerItemProxy;
			containerPortal = CAD7132F2FCAD54E0072280F /* Project object */;
			proxyType = 1;
			remoteGlobalIDString = CAD713362FCAD54E0072280F;
			remoteInfo = "Darkbloom Dashboard";
		};
		CAD713512FCAD5500072280F /* PBXContainerItemProxy */ = {
			isa = PBXContainerItemProxy;
			containerPortal = CAD7132F2FCAD54E0072280F /* Project object */;
			proxyType = 1;
			remoteGlobalIDString = CAD713362FCAD54E0072280F;
			remoteInfo = "Darkbloom Dashboard";
		};
/* End PBXContainerItemProxy section */

/* Begin PBXFileReference section */
		CAD713372FCAD54E0072280F /* DarkbloomDashboard.app */ = {isa = PBXFileReference; explicitFileType = wrapper.application; includeInIndex = 0; path = DarkbloomDashboard.app; sourceTree = BUILT_PRODUCTS_DIR; };
		CAD713462FCAD5500072280F /* DarkbloomDashboardTests.xctest */ = {isa = PBXFileReference; explicitFileType = wrapper.cfbundle; includeInIndex = 0; path = DarkbloomDashboardTests.xctest; sourceTree = BUILT_PRODUCTS_DIR; };
		CAD713502FCAD5500072280F /* DarkbloomDashboardUITests.xctest */ = {isa = PBXFileReference; explicitFileType = wrapper.cfbundle; includeInIndex = 0; path = DarkbloomDashboardUITests.xctest; sourceTree = BUILT_PRODUCTS_DIR; };
/* End PBXFileReference section */

/* Begin PBXFileSystemSynchronizedRootGroup section */
		CAD713392FCAD54E0072280F /* DarkbloomDashboard */ = {
			isa = PBXFileSystemSynchronizedRootGroup;
			path = DarkbloomDashboard;
			sourceTree = "<group>";
		};
		CAD713492FCAD5500072280F /* DarkbloomDashboardTests */ = {
			isa = PBXFileSystemSynchronizedRootGroup;
			path = DarkbloomDashboardTests;
			sourceTree = "<group>";
		};
		CAD713532FCAD5500072280F /* DarkbloomDashboardUITests */ = {
			isa = PBXFileSystemSynchronizedRootGroup;
			path = DarkbloomDashboardUITests;
			sourceTree = "<group>";
		};
/* End PBXFileSystemSynchronizedRootGroup section */

/* Begin PBXFrameworksBuildPhase section */
		CAD713342FCAD54E0072280F /* Frameworks */ = {
			isa = PBXFrameworksBuildPhase;
			buildActionMask = 2147483647;
			files = (
				CAC848582FDAD03200F77B40 /* Citadel in Frameworks */,
				CAA2A1BB2FCAD6E2006DAECF /* FiveKit in Frameworks */,
				CA6C51712FDA48F20090FE69 /* FuzzySearch in Frameworks */,
				CA6C3EB22FD8350D0090FE69 /* OpenAI in Frameworks */,
			);
			runOnlyForDeploymentPostprocessing = 0;
		};
		CAD713432FCAD5500072280F /* Frameworks */ = {
			isa = PBXFrameworksBuildPhase;
			buildActionMask = 2147483647;
			files = (
			);
			runOnlyForDeploymentPostprocessing = 0;
		};
		CAD7134D2FCAD5500072280F /* Frameworks */ = {
			isa = PBXFrameworksBuildPhase;
			buildActionMask = 2147483647;
			files = (
			);
			runOnlyForDeploymentPostprocessing = 0;
		};
/* End PBXFrameworksBuildPhase section */

/* Begin PBXGroup section */
		CAD7132E2FCAD54E0072280F = {
			isa = PBXGroup;
			children = (
				CAD713392FCAD54E0072280F /* DarkbloomDashboard */,
				CAD713492FCAD5500072280F /* DarkbloomDashboardTests */,
				CAD713532FCAD5500072280F /* DarkbloomDashboardUITests */,
				CAD713382FCAD54E0072280F /* Products */,
			);
			sourceTree = "<group>";
		};
		CAD713382FCAD54E0072280F /* Products */ = {
			isa = PBXGroup;
			children = (
				CAD713372FCAD54E0072280F /* DarkbloomDashboard.app */,
				CAD713462FCAD5500072280F /* DarkbloomDashboardTests.xctest */,
				CAD713502FCAD5500072280F /* DarkbloomDashboardUITests.xctest */,
			);
			name = Products;
			sourceTree = "<group>";
		};
/* End PBXGroup section */

/* Begin PBXNativeTarget section */
		CAD713362FCAD54E0072280F /* DarkbloomDashboard */ = {
			isa = PBXNativeTarget;
			buildConfigurationList = CAD7135A2FCAD5500072280F /* Build configuration list for PBXNativeTarget "DarkbloomDashboard" */;
			buildPhases = (
				CAD713332FCAD54E0072280F /* Sources */,
				CAD713342FCAD54E0072280F /* Frameworks */,
				CAD713352FCAD54E0072280F /* Resources */,
			);
			buildRules = (
			);
			dependencies = (
			);
			fileSystemSynchronizedGroups = (
				CAD713392FCAD54E0072280F /* DarkbloomDashboard */,
			);
			name = DarkbloomDashboard;
			packageProductDependencies = (
				CAA2A1BA2FCAD6E2006DAECF /* FiveKit */,
				CA6C3EB12FD8350D0090FE69 /* OpenAI */,
				CA6C51702FDA48F20090FE69 /* FuzzySearch */,
				CAC848572FDAD03200F77B40 /* Citadel */,
			);
			productName = "Darkbloom Dashboard";
			productReference = CAD713372FCAD54E0072280F /* DarkbloomDashboard.app */;
			productType = "com.apple.product-type.application";
		};
		CAD713452FCAD5500072280F /* DarkbloomDashboardTests */ = {
			isa = PBXNativeTarget;
			buildConfigurationList = CAD7135D2FCAD5500072280F /* Build configuration list for PBXNativeTarget "DarkbloomDashboardTests" */;
			buildPhases = (
				CAD713422FCAD5500072280F /* Sources */,
				CAD713432FCAD5500072280F /* Frameworks */,
				CAD713442FCAD5500072280F /* Resources */,
			);
			buildRules = (
			);
			dependencies = (
				CAD713482FCAD5500072280F /* PBXTargetDependency */,
			);
			fileSystemSynchronizedGroups = (
				CAD713492FCAD5500072280F /* DarkbloomDashboardTests */,
			);
			name = DarkbloomDashboardTests;
			packageProductDependencies = (
			);
			productName = "Darkbloom DashboardTests";
			productReference = CAD713462FCAD5500072280F /* DarkbloomDashboardTests.xctest */;
			productType = "com.apple.product-type.bundle.unit-test";
		};
		CAD7134F2FCAD5500072280F /* DarkbloomDashboardUITests */ = {
			isa = PBXNativeTarget;
			buildConfigurationList = CAD713602FCAD5500072280F /* Build configuration list for PBXNativeTarget "DarkbloomDashboardUITests" */;
			buildPhases = (
				CAD7134C2FCAD5500072280F /* Sources */,
				CAD7134D2FCAD5500072280F /* Frameworks */,
				CAD7134E2FCAD5500072280F /* Resources */,
			);
			buildRules = (
			);
			dependencies = (
				CAD713522FCAD5500072280F /* PBXTargetDependency */,
			);
			fileSystemSynchronizedGroups = (
				CAD713532FCAD5500072280F /* DarkbloomDashboardUITests */,
			);
			name = DarkbloomDashboardUITests;
			packageProductDependencies = (
			);
			productName = "Darkbloom DashboardUITests";
			productReference = CAD713502FCAD5500072280F /* DarkbloomDashboardUITests.xctest */;
			productType = "com.apple.product-type.bundle.ui-testing";
		};
/* End PBXNativeTarget section */

/* Begin PBXProject section */
		CAD7132F2FCAD54E0072280F /* Project object */ = {
			isa = PBXProject;
			attributes = {
				BuildIndependentTargetsInParallel = 1;
				LastSwiftUpdateCheck = 2650;
				LastUpgradeCheck = 2650;
				TargetAttributes = {
					CAD713362FCAD54E0072280F = {
						CreatedOnToolsVersion = 26.5;
					};
					CAD713452FCAD5500072280F = {
						CreatedOnToolsVersion = 26.5;
						TestTargetID = CAD713362FCAD54E0072280F;
					};
					CAD7134F2FCAD5500072280F = {
						CreatedOnToolsVersion = 26.5;
						TestTargetID = CAD713362FCAD54E0072280F;
					};
				};
			};
			buildConfigurationList = CAD713322FCAD54E0072280F /* Build configuration list for PBXProject "DarkbloomDashboard" */;
			developmentRegion = en;
			hasScannedForEncodings = 0;
			knownRegions = (
				en,
				Base,
			);
			mainGroup = CAD7132E2FCAD54E0072280F;
			minimizedProjectReferenceProxies = 1;
			packageReferences = (
				CAA2A1B92FCAD6E2006DAECF /* XCRemoteSwiftPackageReference "FiveKit" */,
				CA6C3EB02FD8350D0090FE69 /* XCRemoteSwiftPackageReference "OpenAI-OpenRouter" */,
				CA6C516F2FDA48F10090FE69 /* XCRemoteSwiftPackageReference "FuzzySearch" */,
				CAC848562FDAD03100F77B40 /* XCRemoteSwiftPackageReference "Citadel" */,
			);
			preferredProjectObjectVersion = 77;
			productRefGroup = CAD713382FCAD54E0072280F /* Products */;
			projectDirPath = "";
			projectRoot = "";
			targets = (
				CAD713362FCAD54E0072280F /* DarkbloomDashboard */,
				CAD713452FCAD5500072280F /* DarkbloomDashboardTests */,
				CAD7134F2FCAD5500072280F /* DarkbloomDashboardUITests */,
			);
		};
/* End PBXProject section */

/* Begin PBXResourcesBuildPhase section */
		CAD713352FCAD54E0072280F /* Resources */ = {
			isa = PBXResourcesBuildPhase;
			buildActionMask = 2147483647;
			files = (
			);
			runOnlyForDeploymentPostprocessing = 0;
		};
		CAD713442FCAD5500072280F /* Resources */ = {
			isa = PBXResourcesBuildPhase;
			buildActionMask = 2147483647;
			files = (
			);
			runOnlyForDeploymentPostprocessing = 0;
		};
		CAD7134E2FCAD5500072280F /* Resources */ = {
			isa = PBXResourcesBuildPhase;
			buildActionMask = 2147483647;
			files = (
			);
			runOnlyForDeploymentPostprocessing = 0;
		};
/* End PBXResourcesBuildPhase section */

/* Begin PBXSourcesBuildPhase section */
		CAD713332FCAD54E0072280F /* Sources */ = {
			isa = PBXSourcesBuildPhase;
			buildActionMask = 2147483647;
			files = (
			);
			runOnlyForDeploymentPostprocessing = 0;
		};
		CAD713422FCAD5500072280F /* Sources */ = {
			isa = PBXSourcesBuildPhase;
			buildActionMask = 2147483647;
			files = (
			);
			runOnlyForDeploymentPostprocessing = 0;
		};
		CAD7134C2FCAD5500072280F /* Sources */ = {
			isa = PBXSourcesBuildPhase;
			buildActionMask = 2147483647;
			files = (
			);
			runOnlyForDeploymentPostprocessing = 0;
		};
/* End PBXSourcesBuildPhase section */

/* Begin PBXTargetDependency section */
		CAD713482FCAD5500072280F /* PBXTargetDependency */ = {
			isa = PBXTargetDependency;
			target = CAD713362FCAD54E0072280F /* DarkbloomDashboard */;
			targetProxy = CAD713472FCAD5500072280F /* PBXContainerItemProxy */;
		};
		CAD713522FCAD5500072280F /* PBXTargetDependency */ = {
			isa = PBXTargetDependency;
			target = CAD713362FCAD54E0072280F /* DarkbloomDashboard */;
			targetProxy = CAD713512FCAD5500072280F /* PBXContainerItemProxy */;
		};
/* End PBXTargetDependency section */

/* Begin XCBuildConfiguration section */
		CAD713582FCAD5500072280F /* Debug */ = {
			isa = XCBuildConfiguration;
			buildSettings = {
				ALWAYS_SEARCH_USER_PATHS = NO;
				ASSETCATALOG_COMPILER_GENERATE_SWIFT_ASSET_SYMBOL_EXTENSIONS = YES;
				CLANG_ANALYZER_NONNULL = YES;
				CLANG_ANALYZER_NUMBER_OBJECT_CONVERSION = YES_AGGRESSIVE;
				CLANG_CXX_LANGUAGE_STANDARD = "gnu++20";
				CLANG_ENABLE_MODULES = YES;
				CLANG_ENABLE_OBJC_ARC = YES;
				CLANG_ENABLE_OBJC_WEAK = YES;
				CLANG_WARN_BLOCK_CAPTURE_AUTORELEASING = YES;
				CLANG_WARN_BOOL_CONVERSION = YES;
				CLANG_WARN_COMMA = YES;
				CLANG_WARN_CONSTANT_CONVERSION = YES;
				CLANG_WARN_DEPRECATED_OBJC_IMPLEMENTATIONS = YES;
				CLANG_WARN_DIRECT_OBJC_ISA_USAGE = YES_ERROR;
				CLANG_WARN_DOCUMENTATION_COMMENTS = YES;
				CLANG_WARN_EMPTY_BODY = YES;
				CLANG_WARN_ENUM_CONVERSION = YES;
				CLANG_WARN_INFINITE_RECURSION = YES;
				CLANG_WARN_INT_CONVERSION = YES;
				CLANG_WARN_NON_LITERAL_NULL_CONVERSION = YES;
				CLANG_WARN_OBJC_IMPLICIT_RETAIN_SELF = YES;
				CLANG_WARN_OBJC_LITERAL_CONVERSION = YES;
				CLANG_WARN_OBJC_ROOT_CLASS = YES_ERROR;
				CLANG_WARN_QUOTED_INCLUDE_IN_FRAMEWORK_HEADER = YES;
				CLANG_WARN_RANGE_LOOP_ANALYSIS = YES;
				CLANG_WARN_STRICT_PROTOTYPES = YES;
				CLANG_WARN_SUSPICIOUS_MOVE = YES;
				CLANG_WARN_UNGUARDED_AVAILABILITY = YES_AGGRESSIVE;
				CLANG_WARN_UNREACHABLE_CODE = YES;
				CLANG_WARN__DUPLICATE_METHOD_MATCH = YES;
				COMPILATION_CACHE_ENABLE_CACHING = YES;
				COPY_PHASE_STRIP = NO;
				DEAD_CODE_STRIPPING = YES;
				DEBUG_INFORMATION_FORMAT = dwarf;
				DEVELOPMENT_TEAM = ZUG57U2S7U;
				ENABLE_STRICT_OBJC_MSGSEND = YES;
				ENABLE_TESTABILITY = YES;
				ENABLE_USER_SCRIPT_SANDBOXING = YES;
				GCC_C_LANGUAGE_STANDARD = gnu17;
				GCC_DYNAMIC_NO_PIC = NO;
				GCC_NO_COMMON_BLOCKS = YES;
				GCC_OPTIMIZATION_LEVEL = 0;
				GCC_PREPROCESSOR_DEFINITIONS = (
					"DEBUG=1",
					"$(inherited)",
				);
				GCC_WARN_64_TO_32_BIT_CONVERSION = YES;
				GCC_WARN_ABOUT_RETURN_TYPE = YES_ERROR;
				GCC_WARN_UNDECLARED_SELECTOR = YES;
				GCC_WARN_UNINITIALIZED_AUTOS = YES_AGGRESSIVE;
				GCC_WARN_UNUSED_FUNCTION = YES;
				GCC_WARN_UNUSED_VARIABLE = YES;
				LOCALIZATION_PREFERS_STRING_CATALOGS = YES;
				MTL_ENABLE_DEBUG_INFO = INCLUDE_SOURCE;
				MTL_FAST_MATH = YES;
				ONLY_ACTIVE_ARCH = YES;
				STRING_CATALOG_GENERATE_SYMBOLS = YES;
				SWIFT_ACTIVE_COMPILATION_CONDITIONS = "DEBUG $(inherited)";
				SWIFT_APPROACHABLE_CONCURRENCY = YES;
				SWIFT_OPTIMIZATION_LEVEL = "-Onone";
				SWIFT_STRICT_CONCURRENCY = complete;
				SWIFT_STRICT_MEMORY_SAFETY = YES;
				SWIFT_UPCOMING_FEATURE_EXISTENTIAL_ANY = YES;
				SWIFT_UPCOMING_FEATURE_INTERNAL_IMPORTS_BY_DEFAULT = YES;
				SWIFT_UPCOMING_FEATURE_MEMBER_IMPORT_VISIBILITY = YES;
				SWIFT_UPCOMING_FEATURE_NONISOLATED_NONSENDING_BY_DEFAULT = YES;
				SWIFT_VERSION = 6.0;
			};
			name = Debug;
		};
		CAD713592FCAD5500072280F /* Release */ = {
			isa = XCBuildConfiguration;
			buildSettings = {
				ALWAYS_SEARCH_USER_PATHS = NO;
				ASSETCATALOG_COMPILER_GENERATE_SWIFT_ASSET_SYMBOL_EXTENSIONS = YES;
				CLANG_ANALYZER_NONNULL = YES;
				CLANG_ANALYZER_NUMBER_OBJECT_CONVERSION = YES_AGGRESSIVE;
				CLANG_CXX_LANGUAGE_STANDARD = "gnu++20";
				CLANG_ENABLE_MODULES = YES;
				CLANG_ENABLE_OBJC_ARC = YES;
				CLANG_ENABLE_OBJC_WEAK = YES;
				CLANG_WARN_BLOCK_CAPTURE_AUTORELEASING = YES;
				CLANG_WARN_BOOL_CONVERSION = YES;
				CLANG_WARN_COMMA = YES;
				CLANG_WARN_CONSTANT_CONVERSION = YES;
				CLANG_WARN_DEPRECATED_OBJC_IMPLEMENTATIONS = YES;
				CLANG_WARN_DIRECT_OBJC_ISA_USAGE = YES_ERROR;
				CLANG_WARN_DOCUMENTATION_COMMENTS = YES;
				CLANG_WARN_EMPTY_BODY = YES;
				CLANG_WARN_ENUM_CONVERSION = YES;
				CLANG_WARN_INFINITE_RECURSION = YES;
				CLANG_WARN_INT_CONVERSION = YES;
				CLANG_WARN_NON_LITERAL_NULL_CONVERSION = YES;
				CLANG_WARN_OBJC_IMPLICIT_RETAIN_SELF = YES;
				CLANG_WARN_OBJC_LITERAL_CONVERSION = YES;
				CLANG_WARN_OBJC_ROOT_CLASS = YES_ERROR;
				CLANG_WARN_QUOTED_INCLUDE_IN_FRAMEWORK_HEADER = YES;
				CLANG_WARN_RANGE_LOOP_ANALYSIS = YES;
				CLANG_WARN_STRICT_PROTOTYPES = YES;
				CLANG_WARN_SUSPICIOUS_MOVE = YES;
				CLANG_WARN_UNGUARDED_AVAILABILITY = YES_AGGRESSIVE;
				CLANG_WARN_UNREACHABLE_CODE = YES;
				CLANG_WARN__DUPLICATE_METHOD_MATCH = YES;
				COMPILATION_CACHE_ENABLE_CACHING = YES;
				COPY_PHASE_STRIP = NO;
				DEAD_CODE_STRIPPING = YES;
				DEBUG_INFORMATION_FORMAT = "dwarf-with-dsym";
				DEVELOPMENT_TEAM = ZUG57U2S7U;
				ENABLE_NS_ASSERTIONS = NO;
				ENABLE_STRICT_OBJC_MSGSEND = YES;
				ENABLE_USER_SCRIPT_SANDBOXING = YES;
				GCC_C_LANGUAGE_STANDARD = gnu17;
				GCC_NO_COMMON_BLOCKS = YES;
				GCC_WARN_64_TO_32_BIT_CONVERSION = YES;
				GCC_WARN_ABOUT_RETURN_TYPE = YES_ERROR;
				GCC_WARN_UNDECLARED_SELECTOR = YES;
				GCC_WARN_UNINITIALIZED_AUTOS = YES_AGGRESSIVE;
				GCC_WARN_UNUSED_FUNCTION = YES;
				GCC_WARN_UNUSED_VARIABLE = YES;
				LOCALIZATION_PREFERS_STRING_CATALOGS = YES;
				MTL_ENABLE_DEBUG_INFO = NO;
				MTL_FAST_MATH = YES;
				STRING_CATALOG_GENERATE_SYMBOLS = YES;
				SWIFT_APPROACHABLE_CONCURRENCY = YES;
				SWIFT_COMPILATION_MODE = wholemodule;
				SWIFT_STRICT_CONCURRENCY = complete;
				SWIFT_STRICT_MEMORY_SAFETY = YES;
				SWIFT_UPCOMING_FEATURE_EXISTENTIAL_ANY = YES;
				SWIFT_UPCOMING_FEATURE_INTERNAL_IMPORTS_BY_DEFAULT = YES;
				SWIFT_UPCOMING_FEATURE_MEMBER_IMPORT_VISIBILITY = YES;
				SWIFT_UPCOMING_FEATURE_NONISOLATED_NONSENDING_BY_DEFAULT = YES;
				SWIFT_VERSION = 6.0;
			};
			name = Release;
		};
		CAD7135B2FCAD5500072280F /* Debug */ = {
			isa = XCBuildConfiguration;
			buildSettings = {
				ASSETCATALOG_COMPILER_APPICON_NAME = AppIcon;
				ASSETCATALOG_COMPILER_GLOBAL_ACCENT_COLOR_NAME = AccentColor;
				CODE_SIGN_STYLE = Automatic;
				CURRENT_PROJECT_VERSION = 7;
				DEAD_CODE_STRIPPING = YES;
				DEVELOPMENT_TEAM = D4784H7FPL;
				ENABLE_APP_SANDBOX = NO;
				ENABLE_HARDENED_RUNTIME = YES;
				ENABLE_PREVIEWS = YES;
				GENERATE_INFOPLIST_FILE = YES;
				INFOPLIST_KEY_CFBundleDisplayName = "Darkbloom Dashboard";
				INFOPLIST_KEY_LSApplicationCategoryType = "public.app-category.utilities";
				"INFOPLIST_KEY_UIApplicationSceneManifest_Generation[sdk=iphoneos*]" = YES;
				"INFOPLIST_KEY_UIApplicationSceneManifest_Generation[sdk=iphonesimulator*]" = YES;
				"INFOPLIST_KEY_UIApplicationSupportsIndirectInputEvents[sdk=iphoneos*]" = YES;
				"INFOPLIST_KEY_UIApplicationSupportsIndirectInputEvents[sdk=iphonesimulator*]" = YES;
				"INFOPLIST_KEY_UILaunchScreen_Generation[sdk=iphoneos*]" = YES;
				"INFOPLIST_KEY_UILaunchScreen_Generation[sdk=iphonesimulator*]" = YES;
				"INFOPLIST_KEY_UIStatusBarStyle[sdk=iphoneos*]" = UIStatusBarStyleDefault;
				"INFOPLIST_KEY_UIStatusBarStyle[sdk=iphonesimulator*]" = UIStatusBarStyleDefault;
				INFOPLIST_KEY_UISupportedInterfaceOrientations_iPad = "UIInterfaceOrientationPortrait UIInterfaceOrientationPortraitUpsideDown UIInterfaceOrientationLandscapeLeft UIInterfaceOrientationLandscapeRight";
				INFOPLIST_KEY_UISupportedInterfaceOrientations_iPhone = "UIInterfaceOrientationPortrait UIInterfaceOrientationLandscapeLeft UIInterfaceOrientationLandscapeRight";
				IPHONEOS_DEPLOYMENT_TARGET = 18;
				LD_RUNPATH_SEARCH_PATHS = "@executable_path/Frameworks";
				"LD_RUNPATH_SEARCH_PATHS[sdk=macosx*]" = "@executable_path/../Frameworks";
				MACOSX_DEPLOYMENT_TARGET = 15;
				MARKETING_VERSION = 1.4.1;
				PRODUCT_BUNDLE_IDENTIFIER = co.fivesheep.DarkbloomDashboard;
				PRODUCT_NAME = "$(TARGET_NAME)";
				REGISTER_APP_GROUPS = YES;
				SDKROOT = auto;
				STRING_CATALOG_GENERATE_SYMBOLS = YES;
				SUPPORTED_PLATFORMS = "iphoneos iphonesimulator macosx xros xrsimulator";
				SWIFT_EMIT_LOC_STRINGS = YES;
				SWIFT_UPCOMING_FEATURE_MEMBER_IMPORT_VISIBILITY = YES;
				SWIFT_VERSION = 5.0;
				TARGETED_DEVICE_FAMILY = "1,2,7";
				XROS_DEPLOYMENT_TARGET = 26;
			};
			name = Debug;
		};
		CAD7135C2FCAD5500072280F /* Release */ = {
			isa = XCBuildConfiguration;
			buildSettings = {
				ASSETCATALOG_COMPILER_APPICON_NAME = AppIcon;
				ASSETCATALOG_COMPILER_GLOBAL_ACCENT_COLOR_NAME = AccentColor;
				CODE_SIGN_STYLE = Automatic;
				CURRENT_PROJECT_VERSION = 7;
				DEAD_CODE_STRIPPING = YES;
				DEVELOPMENT_TEAM = D4784H7FPL;
				ENABLE_APP_SANDBOX = NO;
				ENABLE_HARDENED_RUNTIME = YES;
				ENABLE_PREVIEWS = YES;
				GENERATE_INFOPLIST_FILE = YES;
				INFOPLIST_KEY_CFBundleDisplayName = "Darkbloom Dashboard";
				INFOPLIST_KEY_LSApplicationCategoryType = "public.app-category.utilities";
				"INFOPLIST_KEY_UIApplicationSceneManifest_Generation[sdk=iphoneos*]" = YES;
				"INFOPLIST_KEY_UIApplicationSceneManifest_Generation[sdk=iphonesimulator*]" = YES;
				"INFOPLIST_KEY_UIApplicationSupportsIndirectInputEvents[sdk=iphoneos*]" = YES;
				"INFOPLIST_KEY_UIApplicationSupportsIndirectInputEvents[sdk=iphonesimulator*]" = YES;
				"INFOPLIST_KEY_UILaunchScreen_Generation[sdk=iphoneos*]" = YES;
				"INFOPLIST_KEY_UILaunchScreen_Generation[sdk=iphonesimulator*]" = YES;
				"INFOPLIST_KEY_UIStatusBarStyle[sdk=iphoneos*]" = UIStatusBarStyleDefault;
				"INFOPLIST_KEY_UIStatusBarStyle[sdk=iphonesimulator*]" = UIStatusBarStyleDefault;
				INFOPLIST_KEY_UISupportedInterfaceOrientations_iPad = "UIInterfaceOrientationPortrait UIInterfaceOrientationPortraitUpsideDown UIInterfaceOrientationLandscapeLeft UIInterfaceOrientationLandscapeRight";
				INFOPLIST_KEY_UISupportedInterfaceOrientations_iPhone = "UIInterfaceOrientationPortrait UIInterfaceOrientationLandscapeLeft UIInterfaceOrientationLandscapeRight";
				IPHONEOS_DEPLOYMENT_TARGET = 18;
				LD_RUNPATH_SEARCH_PATHS = "@executable_path/Frameworks";
				"LD_RUNPATH_SEARCH_PATHS[sdk=macosx*]" = "@executable_path/../Frameworks";
				MACOSX_DEPLOYMENT_TARGET = 15;
				MARKETING_VERSION = 1.4.1;
				PRODUCT_BUNDLE_IDENTIFIER = co.fivesheep.DarkbloomDashboard;
				PRODUCT_NAME = "$(TARGET_NAME)";
				REGISTER_APP_GROUPS = YES;
				SDKROOT = auto;
				STRING_CATALOG_GENERATE_SYMBOLS = YES;
				SUPPORTED_PLATFORMS = "iphoneos iphonesimulator macosx xros xrsimulator";
				SWIFT_EMIT_LOC_STRINGS = YES;
				SWIFT_UPCOMING_FEATURE_MEMBER_IMPORT_VISIBILITY = YES;
				SWIFT_VERSION = 5.0;
				TARGETED_DEVICE_FAMILY = "1,2,7";
				XROS_DEPLOYMENT_TARGET = 26;
			};
			name = Release;
		};
		CAD7135E2FCAD5500072280F /* Debug */ = {
			isa = XCBuildConfiguration;
			buildSettings = {
				BUNDLE_LOADER = "$(TEST_HOST)";
				CODE_SIGN_STYLE = Automatic;
				CURRENT_PROJECT_VERSION = 1;
				DEAD_CODE_STRIPPING = YES;
				DEVELOPMENT_TEAM = D4784H7FPL;
				GENERATE_INFOPLIST_FILE = YES;
				IPHONEOS_DEPLOYMENT_TARGET = 18;
				MACOSX_DEPLOYMENT_TARGET = 15;
				MARKETING_VERSION = 1.0;
				PRODUCT_BUNDLE_IDENTIFIER = co.fivesheep.DarkbloomDashboardTests;
				PRODUCT_NAME = "$(TARGET_NAME)";
				SDKROOT = auto;
				STRING_CATALOG_GENERATE_SYMBOLS = NO;
				SUPPORTED_PLATFORMS = "iphoneos iphonesimulator macosx xros xrsimulator";
				SWIFT_APPROACHABLE_CONCURRENCY = YES;
				SWIFT_EMIT_LOC_STRINGS = NO;
				SWIFT_UPCOMING_FEATURE_MEMBER_IMPORT_VISIBILITY = YES;
				SWIFT_VERSION = 6.0;
				TARGETED_DEVICE_FAMILY = "1,2,7";
				TEST_HOST = "$(BUILT_PRODUCTS_DIR)/DarkbloomDashboard.app/$(BUNDLE_EXECUTABLE_FOLDER_PATH)/DarkbloomDashboard";
				XROS_DEPLOYMENT_TARGET = 26;
			};
			name = Debug;
		};
		CAD7135F2FCAD5500072280F /* Release */ = {
			isa = XCBuildConfiguration;
			buildSettings = {
				BUNDLE_LOADER = "$(TEST_HOST)";
				CODE_SIGN_STYLE = Automatic;
				CURRENT_PROJECT_VERSION = 1;
				DEAD_CODE_STRIPPING = YES;
				DEVELOPMENT_TEAM = D4784H7FPL;
				GENERATE_INFOPLIST_FILE = YES;
				IPHONEOS_DEPLOYMENT_TARGET = 18;
				MACOSX_DEPLOYMENT_TARGET = 15;
				MARKETING_VERSION = 1.0;
				PRODUCT_BUNDLE_IDENTIFIER = co.fivesheep.DarkbloomDashboardTests;
				PRODUCT_NAME = "$(TARGET_NAME)";
				SDKROOT = auto;
				STRING_CATALOG_GENERATE_SYMBOLS = NO;
				SUPPORTED_PLATFORMS = "iphoneos iphonesimulator macosx xros xrsimulator";
				SWIFT_APPROACHABLE_CONCURRENCY = YES;
				SWIFT_EMIT_LOC_STRINGS = NO;
				SWIFT_UPCOMING_FEATURE_MEMBER_IMPORT_VISIBILITY = YES;
				SWIFT_VERSION = 6.0;
				TARGETED_DEVICE_FAMILY = "1,2,7";
				TEST_HOST = "$(BUILT_PRODUCTS_DIR)/DarkbloomDashboard.app/$(BUNDLE_EXECUTABLE_FOLDER_PATH)/DarkbloomDashboard";
				XROS_DEPLOYMENT_TARGET = 26;
			};
			name = Release;
		};
		CAD713612FCAD5500072280F /* Debug */ = {
			isa = XCBuildConfiguration;
			buildSettings = {
				CODE_SIGN_STYLE = Automatic;
				CURRENT_PROJECT_VERSION = 1;
				DEAD_CODE_STRIPPING = YES;
				DEVELOPMENT_TEAM = D4784H7FPL;
				GENERATE_INFOPLIST_FILE = YES;
				IPHONEOS_DEPLOYMENT_TARGET = 18;
				MACOSX_DEPLOYMENT_TARGET = 15;
				MARKETING_VERSION = 1.0;
				PRODUCT_BUNDLE_IDENTIFIER = co.fivesheep.DarkbloomDashboardUITests;
				PRODUCT_NAME = "$(TARGET_NAME)";
				SDKROOT = auto;
				STRING_CATALOG_GENERATE_SYMBOLS = NO;
				SUPPORTED_PLATFORMS = "iphoneos iphonesimulator macosx xros xrsimulator";
				SWIFT_APPROACHABLE_CONCURRENCY = YES;
				SWIFT_EMIT_LOC_STRINGS = NO;
				SWIFT_UPCOMING_FEATURE_MEMBER_IMPORT_VISIBILITY = YES;
				SWIFT_VERSION = 6.0;
				TARGETED_DEVICE_FAMILY = "1,2,7";
				TEST_TARGET_NAME = "Darkbloom Dashboard";
				XROS_DEPLOYMENT_TARGET = 26;
			};
			name = Debug;
		};
		CAD713622FCAD5500072280F /* Release */ = {
			isa = XCBuildConfiguration;
			buildSettings = {
				CODE_SIGN_STYLE = Automatic;
				CURRENT_PROJECT_VERSION = 1;
				DEAD_CODE_STRIPPING = YES;
				DEVELOPMENT_TEAM = D4784H7FPL;
				GENERATE_INFOPLIST_FILE = YES;
				IPHONEOS_DEPLOYMENT_TARGET = 18;
				MACOSX_DEPLOYMENT_TARGET = 15;
				MARKETING_VERSION = 1.0;
				PRODUCT_BUNDLE_IDENTIFIER = co.fivesheep.DarkbloomDashboardUITests;
				PRODUCT_NAME = "$(TARGET_NAME)";
				SDKROOT = auto;
				STRING_CATALOG_GENERATE_SYMBOLS = NO;
				SUPPORTED_PLATFORMS = "iphoneos iphonesimulator macosx xros xrsimulator";
				SWIFT_APPROACHABLE_CONCURRENCY = YES;
				SWIFT_EMIT_LOC_STRINGS = NO;
				SWIFT_UPCOMING_FEATURE_MEMBER_IMPORT_VISIBILITY = YES;
				SWIFT_VERSION = 6.0;
				TARGETED_DEVICE_FAMILY = "1,2,7";
				TEST_TARGET_NAME = "Darkbloom Dashboard";
				XROS_DEPLOYMENT_TARGET = 26;
			};
			name = Release;
		};
/* End XCBuildConfiguration section */

/* Begin XCConfigurationList section */
		CAD713322FCAD54E0072280F /* Build configuration list for PBXProject "DarkbloomDashboard" */ = {
			isa = XCConfigurationList;
			buildConfigurations = (
				CAD713582FCAD5500072280F /* Debug */,
				CAD713592FCAD5500072280F /* Release */,
			);
			defaultConfigurationIsVisible = 0;
			defaultConfigurationName = Release;
		};
		CAD7135A2FCAD5500072280F /* Build configuration list for PBXNativeTarget "DarkbloomDashboard" */ = {
			isa = XCConfigurationList;
			buildConfigurations = (
				CAD7135B2FCAD5500072280F /* Debug */,
				CAD7135C2FCAD5500072280F /* Release */,
			);
			defaultConfigurationIsVisible = 0;
			defaultConfigurationName = Release;
		};
		CAD7135D2FCAD5500072280F /* Build configuration list for PBXNativeTarget "DarkbloomDashboardTests" */ = {
			isa = XCConfigurationList;
			buildConfigurations = (
				CAD7135E2FCAD5500072280F /* Debug */,
				CAD7135F2FCAD5500072280F /* Release */,
			);
			defaultConfigurationIsVisible = 0;
			defaultConfigurationName = Release;
		};
		CAD713602FCAD5500072280F /* Build configuration list for PBXNativeTarget "DarkbloomDashboardUITests" */ = {
			isa = XCConfigurationList;
			buildConfigurations = (
				CAD713612FCAD5500072280F /* Debug */,
				CAD713622FCAD5500072280F /* Release */,
			);
			defaultConfigurationIsVisible = 0;
			defaultConfigurationName = Release;
		};
/* End XCConfigurationList section */

/* Begin XCRemoteSwiftPackageReference section */
		CA6C3EB02FD8350D0090FE69 /* XCRemoteSwiftPackageReference "OpenAI-OpenRouter" */ = {
			isa = XCRemoteSwiftPackageReference;
			repositoryURL = "https://github.com/FiveSheepCo/OpenAI-OpenRouter.git";
			requirement = {
				branch = "darkbloom/custom-body";
				kind = branch;
			};
		};
		CA6C516F2FDA48F10090FE69 /* XCRemoteSwiftPackageReference "FuzzySearch" */ = {
			isa = XCRemoteSwiftPackageReference;
			repositoryURL = "https://github.com/FiveSheepCo/FuzzySearch";
			requirement = {
				kind = upToNextMajorVersion;
				minimumVersion = 0.1.0;
			};
		};
		CAA2A1B92FCAD6E2006DAECF /* XCRemoteSwiftPackageReference "FiveKit" */ = {
			isa = XCRemoteSwiftPackageReference;
			repositoryURL = "https://github.com/FiveSheepCo/FiveKit.git";
			requirement = {
				branch = main;
				kind = branch;
			};
		};
		CAC848562FDAD03100F77B40 /* XCRemoteSwiftPackageReference "Citadel" */ = {
			isa = XCRemoteSwiftPackageReference;
			repositoryURL = "https://github.com/orlandos-nl/Citadel.git";
			requirement = {
				kind = upToNextMajorVersion;
				minimumVersion = 0.12.1;
			};
		};
/* End XCRemoteSwiftPackageReference section */

/* Begin XCSwiftPackageProductDependency section */
		CA6C3EB12FD8350D0090FE69 /* OpenAI */ = {
			isa = XCSwiftPackageProductDependency;
			package = CA6C3EB02FD8350D0090FE69 /* XCRemoteSwiftPackageReference "OpenAI-OpenRouter" */;
			productName = OpenAI;
		};
		CA6C51702FDA48F20090FE69 /* FuzzySearch */ = {
			isa = XCSwiftPackageProductDependency;
			package = CA6C516F2FDA48F10090FE69 /* XCRemoteSwiftPackageReference "FuzzySearch" */;
			productName = FuzzySearch;
		};
		CAA2A1BA2FCAD6E2006DAECF /* FiveKit */ = {
			isa = XCSwiftPackageProductDependency;
			package = CAA2A1B92FCAD6E2006DAECF /* XCRemoteSwiftPackageReference "FiveKit" */;
			productName = FiveKit;
		};
		CAC848572FDAD03200F77B40 /* Citadel */ = {
			isa = XCSwiftPackageProductDependency;
			package = CAC848562FDAD03100F77B40 /* XCRemoteSwiftPackageReference "Citadel" */;
			productName = Citadel;
		};
/* End XCSwiftPackageProductDependency section */
	};
	rootObject = CAD7132F2FCAD54E0072280F /* Project object */;
}
